// !$*UTF8*$!
{
	archiveVersion = 1;
	classes = {
	};
	objectVersion = 55;
	objects = {

/* Begin PBXBuildFile section */
		04482386EEAB0D707C65ACD9 /* Pods_TwilioSample.framework in Frameworks */ = {isa = PBXBuildFile; fileRef = D83D0060C98918ACC0294E55 /* Pods_TwilioSample.framework */; };
		1B51ECE2277D5E7F003F4ABF /* Config.plist in Resources */ = {isa = PBXBuildFile; fileRef = 1B51ECE1277D5E7F003F4ABF /* Config.plist */; };
		1B51ECE4277D63B6003F4ABF /* VerifyAPI.swift in Sources */ = {isa = PBXBuildFile; fileRef = 1B51ECE3277D63B6003F4ABF /* VerifyAPI.swift */; };
		1B51ECE8277D6503003F4ABF /* VerifyView.swift in Sources */ = {isa = PBXBuildFile; fileRef = 1B51ECE7277D6503003F4ABF /* VerifyView.swift */; };
		1B51ECEA277D66DB003F4ABF /* ResultView.swift in Sources */ = {isa = PBXBuildFile; fileRef = 1B51ECE9277D66DB003F4ABF /* ResultView.swift */; };
		1B51ECEE277D70FB003F4ABF /* VerificationModel.swift in Sources */ = {isa = PBXBuildFile; fileRef = 1B51ECED277D70FB003F4ABF /* VerificationModel.swift */; };
		1B82FD5E277D521800310938 /* TwilioSampleApp.swift in Sources */ = {isa = PBXBuildFile; fileRef = 1B82FD5D277D521800310938 /* TwilioSampleApp.swift */; };
		1B82FD60277D521800310938 /* StartView.swift in Sources */ = {isa = PBXBuildFile; fileRef = 1B82FD5F277D521800310938 /* StartView.swift */; };
		1B82FD62277D521900310938 /* Assets.xcassets in Resources */ = {isa = PBXBuildFile; fileRef = 1B82FD61277D521900310938 /* Assets.xcassets */; };
		1B82FD65277D521900310938 /* Preview Assets.xcassets in Resources */ = {isa = PBXBuildFile; fileRef = 1B82FD64277D521900310938 /* Preview Assets.xcassets */; };
/* End PBXBuildFile section */

/* Begin PBXFileReference section */
		08CCCBD4792DA389F755126A /* Pods-TwilioSample.debug.xcconfig */ = {isa = PBXFileReference; includeInIndex = 1; lastKnownFileType = text.xcconfig; name = "Pods-TwilioSample.debug.xcconfig"; path = "Target Support Files/Pods-TwilioSample/Pods-TwilioSample.debug.xcconfig"; sourceTree = "<group>"; };
		1B51ECE1277D5E7F003F4ABF /* Config.plist */ = {isa = PBXFileReference; lastKnownFileType = text.plist.xml; path = Config.plist; sourceTree = "<group>"; };
		1B51ECE3277D63B6003F4ABF /* VerifyAPI.swift */ = {isa = PBXFileReference; lastKnownFileType = sourcecode.swift; path = VerifyAPI.swift; sourceTree = "<group>"; };
		1B51ECE7277D6503003F4ABF /* VerifyView.swift */ = {isa = PBXFileReference; lastKnownFileType = sourcecode.swift; path = VerifyView.swift; sourceTree = "<group>"; };
		1B51ECE9277D66DB003F4ABF /* ResultView.swift */ = {isa = PBXFileReference; lastKnownFileType = sourcecode.swift; path = ResultView.swift; sourceTree = "<group>"; };
		1B51ECED277D70FB003F4ABF /* VerificationModel.swift */ = {isa = PBXFileReference; lastKnownFileType = sourcecode.swift; path = VerificationModel.swift; sourceTree = "<group>"; };
		1B82FD5A277D521800310938 /* TwilioSample.app */ = {isa = PBXFileReference; explicitFileType = wrapper.application; includeInIndex = 0; path = TwilioSample.app; sourceTree = BUILT_PRODUCTS_DIR; };
		1B82FD5D277D521800310938 /* TwilioSampleApp.swift */ = {isa = PBXFileReference; lastKnownFileType = sourcecode.swift; path = TwilioSampleApp.swift; sourceTree = "<group>"; };
		1B82FD5F277D521800310938 /* StartView.swift */ = {isa = PBXFileReference; lastKnownFileType = sourcecode.swift; path = StartView.swift; sourceTree = "<group>"; };
		1B82FD61277D521900310938 /* Assets.xcassets */ = {isa = PBXFileReference; lastKnownFileType = folder.assetcatalog; path = Assets.xcassets; sourceTree = "<group>"; };
		1B82FD64277D521900310938 /* Preview Assets.xcassets */ = {isa = PBXFileReference; lastKnownFileType = folder.assetcatalog; path = "Preview Assets.xcassets"; sourceTree = "<group>"; };
		D0858F0FD446861CC6A5E86B /* Pods-TwilioSample.release.xcconfig */ = {isa = PBXFileReference; includeInIndex = 1; lastKnownFileType = text.xcconfig; name = "Pods-TwilioSample.release.xcconfig"; path = "Target Support Files/Pods-TwilioSample/Pods-TwilioSample.release.xcconfig"; sourceTree = "<group>"; };
		D83D0060C98918ACC0294E55 /* Pods_TwilioSample.framework */ = {isa = PBXFileReference; explicitFileType = wrapper.framework; includeInIndex = 0; path = Pods_TwilioSample.framework; sourceTree = BUILT_PRODUCTS_DIR; };
/* End PBXFileReference section */

/* Begin PBXFrameworksBuildPhase section */
		1B82FD57277D521800310938 /* Frameworks */ = {
			isa = PBXFrameworksBuildPhase;
			buildActionMask = 2147483647;
			files = (
				04482386EEAB0D707C65ACD9 /* Pods_TwilioSample.framework in Frameworks */,
			);
			runOnlyForDeploymentPostprocessing = 0;
		};
/* End PBXFrameworksBuildPhase section */

/* Begin PBXGroup section */
		1B82FD51277D521800310938 = {
			isa = PBXGroup;
			children = (
				1B51ECE1277D5E7F003F4ABF /* Config.plist */,
				1B82FD5C277D521800310938 /* TwilioSample */,
				1B82FD5B277D521800310938 /* Products */,
				5D8B4BE9571C481FD3AF27E0 /* Pods */,
				D5984C19D86A8B57735BBEA7 /* Frameworks */,
			);
			sourceTree = "<group>";
		};
		1B82FD5B277D521800310938 /* Products */ = {
			isa = PBXGroup;
			children = (
				1B82FD5A277D521800310938 /* TwilioSample.app */,
			);
			name = Products;
			sourceTree = "<group>";
		};
		1B82FD5C277D521800310938 /* TwilioSample */ = {
			isa = PBXGroup;
			children = (
				1B82FD5D277D521800310938 /* TwilioSampleApp.swift */,
				1B82FD5F277D521800310938 /* StartView.swift */,
				1B51ECE9277D66DB003F4ABF /* ResultView.swift */,
				1B51ECE7277D6503003F4ABF /* VerifyView.swift */,
				1B51ECED277D70FB003F4ABF /* VerificationModel.swift */,
				1B82FD61277D521900310938 /* Assets.xcassets */,
				1B82FD63277D521900310938 /* Preview Content */,
				1B51ECE3277D63B6003F4ABF /* VerifyAPI.swift */,
			);
			path = TwilioSample;
			sourceTree = "<group>";
		};
		1B82FD63277D521900310938 /* Preview Content */ = {
			isa = PBXGroup;
			children = (
				1B82FD64277D521900310938 /* Preview Assets.xcassets */,
			);
			path = "Preview Content";
			sourceTree = "<group>";
		};
		5D8B4BE9571C481FD3AF27E0 /* Pods */ = {
			isa = PBXGroup;
			children = (
				08CCCBD4792DA389F755126A /* Pods-TwilioSample.debug.xcconfig */,
				D0858F0FD446861CC6A5E86B /* Pods-TwilioSample.release.xcconfig */,
			);
			path = Pods;
			sourceTree = "<group>";
		};
		D5984C19D86A8B57735BBEA7 /* Frameworks */ = {
			isa = PBXGroup;
			children = (
				D83D0060C98918ACC0294E55 /* Pods_TwilioSample.framework */,
			);
			name = Frameworks;
			sourceTree = "<group>";
		};
/* End PBXGroup section */

/* Begin PBXNativeTarget section */
		1B82FD59277D521800310938 /* TwilioSample */ = {
			isa = PBXNativeTarget;
			buildConfigurationList = 1B82FD68277D521900310938 /* Build configuration list for PBXNativeTarget "TwilioSample" */;
			buildPhases = (
				10908B633BA6F9E81D7BF814 /* [CP] Check Pods Manifest.lock */,
				1B82FD56277D521800310938 /* Sources */,
				1B82FD57277D521800310938 /* Frameworks */,
				1B82FD58277D521800310938 /* Resources */,
				4FB3FF98A19D791A0134CC65 /* [CP] Embed Pods Frameworks */,
			);
			buildRules = (
			);
			dependencies = (
			);
			name = TwilioSample;
			productName = TwilioSample;
			productReference = 1B82FD5A277D521800310938 /* TwilioSample.app */;
			productType = "com.apple.product-type.application";
		};
/* End PBXNativeTarget section */

/* Begin PBXProject section */
		1B82FD52277D521800310938 /* Project object */ = {
			isa = PBXProject;
			attributes = {
				BuildIndependentTargetsInParallel = 1;
				LastSwiftUpdateCheck = 1320;
				LastUpgradeCheck = 1320;
				TargetAttributes = {
					1B82FD59277D521800310938 = {
						CreatedOnToolsVersion = 13.2.1;
					};
				};
			};
			buildConfigurationList = 1B82FD55277D521800310938 /* Build configuration list for PBXProject "TwilioSample" */;
			compatibilityVersion = "Xcode 13.0";
			developmentRegion = en;
			hasScannedForEncodings = 0;
			knownRegions = (
				en,
				Base,
			);
			mainGroup = 1B82FD51277D521800310938;
			productRefGroup = 1B82FD5B277D521800310938 /* Products */;
			projectDirPath = "";
			projectRoot = "";
			targets = (
				1B82FD59277D521800310938 /* TwilioSample */,
			);
		};
/* End PBXProject section */

/* Begin PBXResourcesBuildPhase section */
		1B82FD58277D521800310938 /* Resources */ = {
			isa = PBXResourcesBuildPhase;
			buildActionMask = 2147483647;
			files = (
				1B82FD65277D521900310938 /* Preview Assets.xcassets in Resources */,
				1B51ECE2277D5E7F003F4ABF /* Config.plist in Resources */,
				1B82FD62277D521900310938 /* Assets.xcassets in Resources */,
			);
			runOnlyForDeploymentPostprocessing = 0;
		};
/* End PBXResourcesBuildPhase section */

/* Begin PBXShellScriptBuildPhase section */
		10908B633BA6F9E81D7BF814 /* [CP] Check Pods Manifest.lock */ = {
			isa = PBXShellScriptBuildPhase;
			buildActionMask = 2147483647;
			files = (
			);
			inputFileListPaths = (
			);
			inputPaths = (
				"${PODS_PODFILE_DIR_PATH}/Podfile.lock",
				"${PODS_ROOT}/Manifest.lock",
			);
			name = "[CP] Check Pods Manifest.lock";
			outputFileListPaths = (
			);
			outputPaths = (
				"$(DERIVED_FILE_DIR)/Pods-TwilioSample-checkManifestLockResult.txt",
			);
			runOnlyForDeploymentPostprocessing = 0;
			shellPath = /bin/sh;
			shellScript = "diff \"${PODS_PODFILE_DIR_PATH}/Podfile.lock\" \"${PODS_ROOT}/Manifest.lock\" > /dev/null\nif [ $? != 0 ] ; then\n    # print error to STDERR\n    echo \"error: The sandbox is not in sync with the Podfile.lock. Run 'pod install' or update your CocoaPods installation.\" >&2\n    exit 1\nfi\n# This output is used by Xcode 'outputs' to avoid re-running this script phase.\necho \"SUCCESS\" > \"${SCRIPT_OUTPUT_FILE_0}\"\n";
			showEnvVarsInLog = 0;
		};
		4FB3FF98A19D791A0134CC65 /* [CP] Embed Pods Frameworks */ = {
			isa = PBXShellScriptBuildPhase;
			buildActionMask = 2147483647;
			files = (
			);
			inputFileListPaths = (
				"${PODS_ROOT}/Target Support Files/Pods-TwilioSample/Pods-TwilioSample-frameworks-${CONFIGURATION}-input-files.xcfilelist",
			);
			name = "[CP] Embed Pods Frameworks";
			outputFileListPaths = (
				"${PODS_ROOT}/Target Support Files/Pods-TwilioSample/Pods-TwilioSample-frameworks-${CONFIGURATION}-output-files.xcfilelist",
			);
			runOnlyForDeploymentPostprocessing = 0;
			shellPath = /bin/sh;
			shellScript = "\"${PODS_ROOT}/Target Support Files/Pods-TwilioSample/Pods-TwilioSample-frameworks.sh\"\n";
			showEnvVarsInLog = 0;
		};
/* End PBXShellScriptBuildPhase section */

/* Begin PBXSourcesBuildPhase section */
		1B82FD56277D521800310938 /* Sources */ = {
			isa = PBXSourcesBuildPhase;
			buildActionMask = 2147483647;
			files = (
				1B51ECE4277D63B6003F4ABF /* VerifyAPI.swift in Sources */,
				1B51ECE8277D6503003F4ABF /* VerifyView.swift in Sources */,
				1B51ECEA277D66DB003F4ABF /* ResultView.swift in Sources */,
				1B82FD60277D521800310938 /* StartView.swift in Sources */,
				1B51ECEE277D70FB003F4ABF /* VerificationModel.swift in Sources */,
				1B82FD5E277D521800310938 /* TwilioSampleApp.swift in Sources */,
			);
			runOnlyForDeploymentPostprocessing = 0;
		};
/* End PBXSourcesBuildPhase section */

/* Begin XCBuildConfiguration section */
		1B82FD66277D521900310938 /* Debug */ = {
			isa = XCBuildConfiguration;
			buildSettings = {
				ALWAYS_SEARCH_USER_PATHS = NO;
				CLANG_ANALYZER_NONNULL = YES;
				CLANG_ANALYZER_NUMBER_OBJECT_CONVERSION = YES_AGGRESSIVE;
				CLANG_CXX_LANGUAGE_STANDARD = "gnu++17";
				CLANG_CXX_LIBRARY = "libc++";
				CLANG_ENABLE_MODULES = YES;
				CLANG_ENABLE_OBJC_ARC = YES;
				CLANG_ENABLE_OBJC_WEAK = YES;
				CLANG_WARN_BLOCK_CAPTURE_AUTORELEASING = YES;
				CLANG_WARN_BOOL_CONVERSION = YES;
				CLANG_WARN_COMMA = YES;
				CLANG_WARN_CONSTANT_CONVERSION = YES;
				CLANG_WARN_DEPRECATED_OBJC_IMPLEMENTATIONS = YES;
				CLANG_WARN_DIRECT_OBJC_ISA_USAGE = YES_ERROR;
				CLANG_WARN_DOCUMENTATION_COMMENTS = YES;
				CLANG_WARN_EMPTY_BODY = YES;
				CLANG_WARN_ENUM_CONVERSION = YES;
				CLANG_WARN_INFINITE_RECURSION = YES;
				CLANG_WARN_INT_CONVERSION = YES;
				CLANG_WARN_NON_LITERAL_NULL_CONVERSION = YES;
				CLANG_WARN_OBJC_IMPLICIT_RETAIN_SELF = YES;
				CLANG_WARN_OBJC_LITERAL_CONVERSION = YES;
				CLANG_WARN_OBJC_ROOT_CLASS = YES_ERROR;
				CLANG_WARN_QUOTED_INCLUDE_IN_FRAMEWORK_HEADER = YES;
				CLANG_WARN_RANGE_LOOP_ANALYSIS = YES;
				CLANG_WARN_STRICT_PROTOTYPES = YES;
				CLANG_WARN_SUSPICIOUS_MOVE = YES;
				CLANG_WARN_UNGUARDED_AVAILABILITY = YES_AGGRESSIVE;
				CLANG_WARN_UNREACHABLE_CODE = YES;
				CLANG_WARN__DUPLICATE_METHOD_MATCH = YES;
				COPY_PHASE_STRIP = NO;
				DEBUG_INFORMATION_FORMAT = dwarf;
				ENABLE_STRICT_OBJC_MSGSEND = YES;
				ENABLE_TESTABILITY = YES;
				GCC_C_LANGUAGE_STANDARD = gnu11;
				GCC_DYNAMIC_NO_PIC = NO;
				GCC_NO_COMMON_BLOCKS = YES;
				GCC_OPTIMIZATION_LEVEL = 0;
				GCC_PREPROCESSOR_DEFINITIONS = (
					"DEBUG=1",
					"$(inherited)",
				);
				GCC_WARN_64_TO_32_BIT_CONVERSION = YES;
				GCC_WARN_ABOUT_RETURN_TYPE = YES_ERROR;
				GCC_WARN_UNDECLARED_SELECTOR = YES;
				GCC_WARN_UNINITIALIZED_AUTOS = YES_AGGRESSIVE;
				GCC_WARN_UNUSED_FUNCTION = YES;
				GCC_WARN_UNUSED_VARIABLE = YES;
				IPHONEOS_DEPLOYMENT_TARGET = 15.0;
				MTL_ENABLE_DEBUG_INFO = INCLUDE_SOURCE;
				MTL_FAST_MATH = YES;
				ONLY_ACTIVE_ARCH = YES;
				SDKROOT = iphoneos;
				SWIFT_ACTIVE_COMPILATION_CONDITIONS = DEBUG;
				SWIFT_OPTIMIZATION_LEVEL = "-Onone";
			};
			name = Debug;
		};
		1B82FD67277D521900310938 /* Release */ = {
			isa = XCBuildConfiguration;
			buildSettings = {
				ALWAYS_SEARCH_USER_PATHS = NO;
				CLANG_ANALYZER_NONNULL = YES;
				CLANG_ANALYZER_NUMBER_OBJECT_CONVERSION = YES_AGGRESSIVE;
				CLANG_CXX_LANGUAGE_STANDARD = "gnu++17";
				CLANG_CXX_LIBRARY = "libc++";
				CLANG_ENABLE_MODULES = YES;
				CLANG_ENABLE_OBJC_ARC = YES;
				CLANG_ENABLE_OBJC_WEAK = YES;
				CLANG_WARN_BLOCK_CAPTURE_AUTORELEASING = YES;
				CLANG_WARN_BOOL_CONVERSION = YES;
				CLANG_WARN_COMMA = YES;
				CLANG_WARN_CONSTANT_CONVERSION = YES;
				CLANG_WARN_DEPRECATED_OBJC_IMPLEMENTATIONS = YES;
				CLANG_WARN_DIRECT_OBJC_ISA_USAGE = YES_ERROR;
				CLANG_WARN_DOCUMENTATION_COMMENTS = YES;
				CLANG_WARN_EMPTY_BODY = YES;
				CLANG_WARN_ENUM_CONVERSION = YES;
				CLANG_WARN_INFINITE_RECURSION = YES;
				CLANG_WARN_INT_CONVERSION = YES;
				CLANG_WARN_NON_LITERAL_NULL_CONVERSION = YES;
				CLANG_WARN_OBJC_IMPLICIT_RETAIN_SELF = YES;
				CLANG_WARN_OBJC_LITERAL_CONVERSION = YES;
				CLANG_WARN_OBJC_ROOT_CLASS = YES_ERROR;
				CLANG_WARN_QUOTED_INCLUDE_IN_FRAMEWORK_HEADER = YES;
				CLANG_WARN_RANGE_LOOP_ANALYSIS = YES;
				CLANG_WARN_STRICT_PROTOTYPES = YES;
				CLANG_WARN_SUSPICIOUS_MOVE = YES;
				CLANG_WARN_UNGUARDED_AVAILABILITY = YES_AGGRESSIVE;
				CLANG_WARN_UNREACHABLE_CODE = YES;
				CLANG_WARN__DUPLICATE_METHOD_MATCH = YES;
				COPY_PHASE_STRIP = NO;
				DEBUG_INFORMATION_FORMAT = "dwarf-with-dsym";
				ENABLE_NS_ASSERTIONS = NO;
				ENABLE_STRICT_OBJC_MSGSEND = YES;
				GCC_C_LANGUAGE_STANDARD = gnu11;
				GCC_NO_COMMON_BLOCKS = YES;
				GCC_WARN_64_TO_32_BIT_CONVERSION = YES;
				GCC_WARN_ABOUT_RETURN_TYPE = YES_ERROR;
				GCC_WARN_UNDECLARED_SELECTOR = YES;
				GCC_WARN_UNINITIALIZED_AUTOS = YES_AGGRESSIVE;
				GCC_WARN_UNUSED_FUNCTION = YES;
				GCC_WARN_UNUSED_VARIABLE = YES;
				IPHONEOS_DEPLOYMENT_TARGET = 15.0;
				MTL_ENABLE_DEBUG_INFO = NO;
				MTL_FAST_MATH = YES;
				SDKROOT = iphoneos;
				SWIFT_COMPILATION_MODE = wholemodule;
				SWIFT_OPTIMIZATION_LEVEL = "-O";
				VALIDATE_PRODUCT = YES;
			};
			name = Release;
		};
		1B82FD69277D521900310938 /* Debug */ = {
			isa = XCBuildConfiguration;
			baseConfigurationReference = 08CCCBD4792DA389F755126A /* Pods-TwilioSample.debug.xcconfig */;
			buildSettings = {
				ASSETCATALOG_COMPILER_APPICON_NAME = AppIcon;
				ASSETCATALOG_COMPILER_GLOBAL_ACCENT_COLOR_NAME = AccentColor;
				CODE_SIGN_STYLE = Automatic;
				CURRENT_PROJECT_VERSION = 1;
				DEVELOPMENT_ASSET_PATHS = "\"TwilioSample/Preview Content\"";
				DEVELOPMENT_TEAM = 9MF6LAF8FW;
				ENABLE_PREVIEWS = YES;
				GENERATE_INFOPLIST_FILE = YES;
				INFOPLIST_KEY_UIApplicationSceneManifest_Generation = YES;
				INFOPLIST_KEY_UIApplicationSupportsIndirectInputEvents = YES;
				INFOPLIST_KEY_UILaunchScreen_Generation = YES;
				INFOPLIST_KEY_UISupportedInterfaceOrientations_iPad = "UIInterfaceOrientationPortrait UIInterfaceOrientationPortraitUpsideDown UIInterfaceOrientationLandscapeLeft UIInterfaceOrientationLandscapeRight";
				INFOPLIST_KEY_UISupportedInterfaceOrientations_iPhone = "UIInterfaceOrientationPortrait UIInterfaceOrientationLandscapeLeft UIInterfaceOrientationLandscapeRight";
				LD_RUNPATH_SEARCH_PATHS = (
					"$(inherited)",
					"@executable_path/Frameworks",
				);
				MARKETING_VERSION = 1.0;
				PRODUCT_BUNDLE_IDENTIFIER = albertkornas.TwilioSample;
				PRODUCT_NAME = "$(TARGET_NAME)";
				SWIFT_EMIT_LOC_STRINGS = YES;
				SWIFT_VERSION = 5.0;
				TARGETED_DEVICE_FAMILY = "1,2";
			};
			name = Debug;
		};
		1B82FD6A277D521900310938 /* Release */ = {
			isa = XCBuildConfiguration;
			baseConfigurationReference = D0858F0FD446861CC6A5E86B /* Pods-TwilioSample.release.xcconfig */;
			buildSettings = {
				ASSETCATALOG_COMPILER_APPICON_NAME = AppIcon;
				ASSETCATALOG_COMPILER_GLOBAL_ACCENT_COLOR_NAME = AccentColor;
				CODE_SIGN_STYLE = Automatic;
				CURRENT_PROJECT_VERSION = 1;
				DEVELOPMENT_ASSET_PATHS = "\"TwilioSample/Preview Content\"";
				DEVELOPMENT_TEAM = 9MF6LAF8FW;
				ENABLE_PREVIEWS = YES;
				GENERATE_INFOPLIST_FILE = YES;
				INFOPLIST_KEY_UIApplicationSceneManifest_Generation = YES;
				INFOPLIST_KEY_UIApplicationSupportsIndirectInputEvents = YES;
				INFOPLIST_KEY_UILaunchScreen_Generation = YES;
				INFOPLIST_KEY_UISupportedInterfaceOrientations_iPad = "UIInterfaceOrientationPortrait UIInterfaceOrientationPortraitUpsideDown UIInterfaceOrientationLandscapeLeft UIInterfaceOrientationLandscapeRight";
				INFOPLIST_KEY_UISupportedInterfaceOrientations_iPhone = "UIInterfaceOrientationPortrait UIInterfaceOrientationLandscapeLeft UIInterfaceOrientationLandscapeRight";
				LD_RUNPATH_SEARCH_PATHS = (
					"$(inherited)",
					"@executable_path/Frameworks",
				);
				MARKETING_VERSION = 1.0;
				PRODUCT_BUNDLE_IDENTIFIER = albertkornas.TwilioSample;
				PRODUCT_NAME = "$(TARGET_NAME)";
				SWIFT_EMIT_LOC_STRINGS = YES;
				SWIFT_VERSION = 5.0;
				TARGETED_DEVICE_FAMILY = "1,2";
			};
			name = Release;
		};
/* End XCBuildConfiguration section */

/* Begin XCConfigurationList section */
		1B82FD55277D521800310938 /* Build configuration list for PBXProject "TwilioSample" */ = {
			isa = XCConfigurationList;
			buildConfigurations = (
				1B82FD66277D521900310938 /* Debug */,
				1B82FD67277D521900310938 /* Release */,
			);
			defaultConfigurationIsVisible = 0;
			defaultConfigurationName = Release;
		};
		1B82FD68277D521900310938 /* Build configuration list for PBXNativeTarget "TwilioSample" */ = {
			isa = XCConfigurationList;
			buildConfigurations = (
				1B82FD69277D521900310938 /* Debug */,
				1B82FD6A277D521900310938 /* Release */,
			);
			defaultConfigurationIsVisible = 0;
			defaultConfigurationName = Release;
		};
/* End XCConfigurationList section */
	};
	rootObject = 1B82FD52277D521800310938 /* Project object */;
}
